
Microsoft Visual Studio Solution File, Format Version 12.00
# Visual Studio Version 16
VisualStudioVersion = 16.0.30804.86
MinimumVisualStudioVersion = 10.0.40219.1
Project("{FAE04EC0-301F-11D3-BF4B-00C04F79EFBC}") = "Start_BFBC2_Servers", "Start_BFBC2_Servers\Start_BFBC2_Servers.csproj", "{F30AF69D-A0D0-42C3-BF49-82DBB8EC282F}"
EndProject
Global
	GlobalSection(SolutionConfigurationPlatforms) = preSolution
		Debug|Any CPU = Debug|Any CPU
		Release|Any CPU = Release|Any CPU
	EndGlobalSection
	GlobalSection(ProjectConfigurationPlatforms) = postSolution
		{F30AF69D-A0D0-42C3-BF49-82DBB8EC282F}.Debug|Any CPU.ActiveCfg = Debug|Any CPU
		{F30AF69D-A0D0-42C3-BF49-82DBB8EC282F}.Debug|Any CPU.Build.0 = Debug|Any CPU
		{F30AF69D-A0D0-42C3-BF49-82DBB8EC282F}.Release|Any CPU.ActiveCfg = Release|Any CPU
		{F30AF69D-A0D0-42C3-BF49-82DBB8EC282F}.Release|Any CPU.Build.0 = Release|Any CPU
	EndGlobalSection
	GlobalSection(SolutionProperties) = preSolution
		HideSolutionNode = FALSE
	EndGlobalSection
	GlobalSection(ExtensibilityGlobals) = postSolution
		SolutionGuid = {2D149A9E-6CF3-44D6-8327-D60D7DD630A4}
	EndGlobalSection
EndGlobal
